
Microsoft Visual Studio Solution File, Format Version 12.00
# Visual Studio Version 16
VisualStudioVersion = 16.0.29709.97
MinimumVisualStudioVersion = 10.0.40219.1
Project("{FAE04EC0-301F-11D3-BF4B-00C04F79EFBC}") = "BelifeWPf", "BelifeWPf\BelifeWPf.csproj", "{EE4A55E9-C721-4B7C-9F27-CE8AEC4D8B30}"
EndProject
Project("{FAE04EC0-301F-11D3-BF4B-00C04F79EFBC}") = "BeLife.Negocio", "BeLife.Negocio\BeLife.Negocio.csproj", "{F5EE0442-3DA5-4374-912E-1721C28D4269}"
EndProject
Project("{FAE04EC0-301F-11D3-BF4B-00C04F79EFBC}") = "BeLife.Datos", "BeLife.Datos\BeLife.Datos.csproj", "{A318FC50-9CE0-445F-B9A1-08FDA9B27EE8}"
EndProject
Global
	GlobalSection(SolutionConfigurationPlatforms) = preSolution
		Debug|Any CPU = Debug|Any CPU
		Release|Any CPU = Release|Any CPU
	EndGlobalSection
	GlobalSection(ProjectConfigurationPlatforms) = postSolution
		{EE4A55E9-C721-4B7C-9F27-CE8AEC4D8B30}.Debug|Any CPU.ActiveCfg = Debug|Any CPU
		{EE4A55E9-C721-4B7C-9F27-CE8AEC4D8B30}.Debug|Any CPU.Build.0 = Debug|Any CPU
		{EE4A55E9-C721-4B7C-9F27-CE8AEC4D8B30}.Release|Any CPU.ActiveCfg = Release|Any CPU
		{EE4A55E9-C721-4B7C-9F27-CE8AEC4D8B30}.Release|Any CPU.Build.0 = Release|Any CPU
		{F5EE0442-3DA5-4374-912E-1721C28D4269}.Debug|Any CPU.ActiveCfg = Debug|Any CPU
		{F5EE0442-3DA5-4374-912E-1721C28D4269}.Debug|Any CPU.Build.0 = Debug|Any CPU
		{F5EE0442-3DA5-4374-912E-1721C28D4269}.Release|Any CPU.ActiveCfg = Release|Any CPU
		{F5EE0442-3DA5-4374-912E-1721C28D4269}.Release|Any CPU.Build.0 = Release|Any CPU
		{A318FC50-9CE0-445F-B9A1-08FDA9B27EE8}.Debug|Any CPU.ActiveCfg = Debug|Any CPU
		{A318FC50-9CE0-445F-B9A1-08FDA9B27EE8}.Debug|Any CPU.Build.0 = Debug|Any CPU
		{A318FC50-9CE0-445F-B9A1-08FDA9B27EE8}.Release|Any CPU.ActiveCfg = Release|Any CPU
		{A318FC50-9CE0-445F-B9A1-08FDA9B27EE8}.Release|Any CPU.Build.0 = Release|Any CPU
	EndGlobalSection
	GlobalSection(SolutionProperties) = preSolution
		HideSolutionNode = FALSE
	EndGlobalSection
	GlobalSection(ExtensibilityGlobals) = postSolution
		SolutionGuid = {F535D1EF-CFED-41AD-95CC-A8AA94430B8F}
	EndGlobalSection
EndGlobal
